
Microsoft Visual Studio Solution File, Format Version 12.00
# Visual Studio Version 16
VisualStudioVersion = 16.0.30804.86
MinimumVisualStudioVersion = 10.0.40219.1
Project("{9A19103F-16F7-4668-BE54-9A1E7A4F7556}") = "NasdaqCompanyList", "NasdaqCompanyList\NasdaqCompanyList.csproj", "{E99CB401-44D9-403E-9598-0E58C89CB547}"
EndProject
Project("{9A19103F-16F7-4668-BE54-9A1E7A4F7556}") = "NasdaqCompanyList.Test", "NasdaqCompanyList.Test\NasdaqCompanyList.Test.csproj", "{0F14F4A9-B51D-4CBE-9FB8-74DAA8ACC3EB}"
EndProject
Project("{2150E333-8FDC-42A3-9474-1A3956D46DE8}") = "Solution Items", "Solution Items", "{C7CCB3AB-3C02-4CB4-AC98-6A410865A6EC}"
	ProjectSection(SolutionItems) = preProject
		.gitignore = .gitignore
		README.md = README.md
	EndProjectSection
EndProject
Global
	GlobalSection(SolutionConfigurationPlatforms) = preSolution
		Debug|Any CPU = Debug|Any CPU
		Release|Any CPU = Release|Any CPU
	EndGlobalSection
	GlobalSection(ProjectConfigurationPlatforms) = postSolution
		{E99CB401-44D9-403E-9598-0E58C89CB547}.Debug|Any CPU.ActiveCfg = Debug|Any CPU
		{E99CB401-44D9-403E-9598-0E58C89CB547}.Debug|Any CPU.Build.0 = Debug|Any CPU
		{E99CB401-44D9-403E-9598-0E58C89CB547}.Release|Any CPU.ActiveCfg = Release|Any CPU
		{E99CB401-44D9-403E-9598-0E58C89CB547}.Release|Any CPU.Build.0 = Release|Any CPU
		{0F14F4A9-B51D-4CBE-9FB8-74DAA8ACC3EB}.Debug|Any CPU.ActiveCfg = Debug|Any CPU
		{0F14F4A9-B51D-4CBE-9FB8-74DAA8ACC3EB}.Debug|Any CPU.Build.0 = Debug|Any CPU
		{0F14F4A9-B51D-4CBE-9FB8-74DAA8ACC3EB}.Release|Any CPU.ActiveCfg = Release|Any CPU
		{0F14F4A9-B51D-4CBE-9FB8-74DAA8ACC3EB}.Release|Any CPU.Build.0 = Release|Any CPU
	EndGlobalSection
	GlobalSection(SolutionProperties) = preSolution
		HideSolutionNode = FALSE
	EndGlobalSection
	GlobalSection(ExtensibilityGlobals) = postSolution
		SolutionGuid = {6C7F3216-533F-4790-8922-5F8AE981C326}
	EndGlobalSection
EndGlobal
